
Microsoft Visual Studio Solution File, Format Version 12.00
# Visual Studio Version 16
VisualStudioVersion = 16.0.31205.134
MinimumVisualStudioVersion = 10.0.40219.1
Project("{FAE04EC0-301F-11D3-BF4B-00C04F79EFBC}") = "PvP", "PvP\PvP.csproj", "{1B83E983-0654-4AE6-A092-76840EAE7E1C}"
EndProject
Global
	GlobalSection(SolutionConfigurationPlatforms) = preSolution
		Debug|Any CPU = Debug|Any CPU
		Release|Any CPU = Release|Any CPU
	EndGlobalSection
	GlobalSection(ProjectConfigurationPlatforms) = postSolution
		{1B83E983-0654-4AE6-A092-76840EAE7E1C}.Debug|Any CPU.ActiveCfg = Debug|Any CPU
		{1B83E983-0654-4AE6-A092-76840EAE7E1C}.Debug|Any CPU.Build.0 = Debug|Any CPU
		{1B83E983-0654-4AE6-A092-76840EAE7E1C}.Release|Any CPU.ActiveCfg = Release|Any CPU
		{1B83E983-0654-4AE6-A092-76840EAE7E1C}.Release|Any CPU.Build.0 = Release|Any CPU
	EndGlobalSection
	GlobalSection(SolutionProperties) = preSolution
		HideSolutionNode = FALSE
	EndGlobalSection
	GlobalSection(ExtensibilityGlobals) = postSolution
		SolutionGuid = {FF145BD2-629E-4CC2-9805-04FE87D0449C}
	EndGlobalSection
EndGlobal
